
Microsoft Visual Studio Solution File, Format Version 12.00
# Visual Studio Version 17
VisualStudioVersion = 17.9.34622.214
MinimumVisualStudioVersion = 10.0.40219.1
Project("{FAE04EC0-301F-11D3-BF4B-00C04F79EFBC}") = "todoASPMVC", "todoASPMVC.csproj", "{A067A251-F4CE-491D-8848-F162C30A97BF}"
EndProject
Global
	GlobalSection(SolutionConfigurationPlatforms) = preSolution
		Debug|Any CPU = Debug|Any CPU
		Release|Any CPU = Release|Any CPU
	EndGlobalSection
	GlobalSection(ProjectConfigurationPlatforms) = postSolution
		{A067A251-F4CE-491D-8848-F162C30A97BF}.Debug|Any CPU.ActiveCfg = Debug|Any CPU
		{A067A251-F4CE-491D-8848-F162C30A97BF}.Debug|Any CPU.Build.0 = Debug|Any CPU
		{A067A251-F4CE-491D-8848-F162C30A97BF}.Release|Any CPU.ActiveCfg = Release|Any CPU
		{A067A251-F4CE-491D-8848-F162C30A97BF}.Release|Any CPU.Build.0 = Release|Any CPU
	EndGlobalSection
	GlobalSection(SolutionProperties) = preSolution
		HideSolutionNode = FALSE
	EndGlobalSection
	GlobalSection(ExtensibilityGlobals) = postSolution
		SolutionGuid = {792756ED-E320-402C-8FF2-B464443F0349}
	EndGlobalSection
EndGlobal
